<?xml version="1.0" encoding="utf-8"?>
<Project ToolsVersion="4.0" xmlns="http://schemas.microsoft.com/developer/msbuild/2003">
  <ItemGroup>
    <Filter Include="Source Files">
      <UniqueIdentifier>{4FC737F1-C7A5-4376-A066-2A32D752A2FF}</UniqueIdentifier>
      <Extensions>cpp;c;cc;cxx;c++;cppm;ixx;def;odl;idl;hpj;bat;asm;asmx</Extensions>
    </Filter>
    <Filter Include="Header Files">
      <UniqueIdentifier>{93995380-89BD-4b04-88EB-625FBE52EBFB}</UniqueIdentifier>
      <Extensions>h;hh;hpp;hxx;h++;hm;inl;inc;ipp;xsd</Extensions>
    </Filter>
    <Filter Include="Resource Files">
      <UniqueIdentifier>{67DA6AB6-F800-4c08-8B7A-83BB121AAD01}</UniqueIdentifier>
      <Extensions>rc;ico;cur;bmp;dlg;rc2;rct;bin;rgs;gif;jpg;jpeg;jpe;resx;tiff;tif;png;wav;mfcribbon-ms</Extensions>
    </Filter>
  </ItemGroup>
  <ItemGroup>
    <ClInclude Include="pch.h">
      <Filter>Header Files</Filter>
    </ClInclude>
    <ClInclude Include="Document\IDocument.h">
      <Filter>Header Files</Filter>
    </ClInclude>
    <ClInclude Include="Document\DocumentItems\ConstDocumentItem.h">
      <Filter>Header Files</Filter>
    </ClInclude>
    <ClInclude Include="Document\DocumentItems\DocumentItem.h">
      <Filter>Header Files</Filter>
    </ClInclude>
    <ClInclude Include="Document\HTMLDocument.h">
      <Filter>Header Files</Filter>
    </ClInclude>
    <ClInclude Include="History\History.h">
      <Filter>Header Files</Filter>
    </ClInclude>
    <ClInclude Include="Command\ICommand.h">
      <Filter>Header Files</Filter>
    </ClInclude>
    <ClInclude Include="Command\AbstractCommand.h">
      <Filter>Header Files</Filter>
    </ClInclude>
    <ClInclude Include="Editor\Menu.h">
      <Filter>Header Files</Filter>
    </ClInclude>
    <ClInclude Include="Editor\Commands\MenuHelpCommand\MenuHelpCommand.h">
      <Filter>Header Files</Filter>
    </ClInclude>
    <ClInclude Include="Editor\Commands\MenuExitCommand\MenuExitCommand.h">
      <Filter>Header Files</Filter>
    </ClInclude>
    <ClInclude Include="Editor\Editor.h">
      <Filter>Header Files</Filter>
    </ClInclude>
    <ClInclude Include="Document\Commands\InsertParagraphCommand.h">
      <Filter>Header Files</Filter>
    </ClInclude>
    <ClInclude Include="Editor\Commands\EditorInsertParagraphCommand\EditorInsertParagraphCommand.h">
      <Filter>Header Files</Filter>
    </ClInclude>
    <ClInclude Include="Document\Commands\InsertImageCommand.h">
      <Filter>Header Files</Filter>
    </ClInclude>
    <ClInclude Include="Document\Commands\DeleteItemCommand.h">
      <Filter>Header Files</Filter>
    </ClInclude>
    <ClInclude Include="Document\Commands\SetTitleCommand.h">
      <Filter>Header Files</Filter>
    </ClInclude>
    <ClInclude Include="Editor\Commands\EditorInsertImageCommand\EditorInsertImageCommand.h">
      <Filter>Header Files</Filter>
    </ClInclude>
    <ClInclude Include="Editor\Commands\EditorSetTitleCommand\EditorSetTitleCommand.h">
      <Filter>Header Files</Filter>
    </ClInclude>
    <ClInclude Include="Editor\Commands\EditorDeleteItemCommand\EditorDeleteItemCommand.h">
      <Filter>Header Files</Filter>
    </ClInclude>
    <ClInclude Include="History\IHistory.h">
      <Filter>Header Files</Filter>
    </ClInclude>
    <ClInclude Include="Document\DocumentItems\Elements\IElement.h">
      <Filter>Header Files</Filter>
    </ClInclude>
    <ClInclude Include="Document\DocumentItems\Elements\Image\IImage.h">
      <Filter>Header Files</Filter>
    </ClInclude>
    <ClInclude Include="Document\DocumentItems\Elements\Image\Image.h">
      <Filter>Header Files</Filter>
    </ClInclude>
    <ClInclude Include="Document\DocumentItems\Elements\Paragraph\IParagraph.h">
      <Filter>Header Files</Filter>
    </ClInclude>
    <ClInclude Include="Document\DocumentItems\Elements\Paragraph\Paragraph.h">
      <Filter>Header Files</Filter>
    </ClInclude>
    <ClInclude Include="Document\Commands\ReplaceTextCommand.h">
      <Filter>Header Files</Filter>
    </ClInclude>
    <ClInclude Include="Document\Commands\ResizeImageCommand.h">
      <Filter>Header Files</Filter>
    </ClInclude>
  </ItemGroup>
  <ItemGroup>
    <ClCompile Include="pch.cpp">
      <Filter>Source Files</Filter>
    </ClCompile>
    <ClCompile Include="Document\HTMLDocument.cpp">
      <Filter>Source Files</Filter>
    </ClCompile>
    <ClCompile Include="Command\AbstractCommand.cpp">
      <Filter>Source Files</Filter>
    </ClCompile>
    <ClCompile Include="Document\DocumentItems\ConstDocumentItem.cpp">
      <Filter>Source Files</Filter>
    </ClCompile>
    <ClCompile Include="Document\DocumentItems\DocumentItem.cpp">
      <Filter>Source Files</Filter>
    </ClCompile>
    <ClCompile Include="History\History.cpp">
      <Filter>Source Files</Filter>
    </ClCompile>
    <ClCompile Include="Editor\Menu.cpp">
      <Filter>Source Files</Filter>
    </ClCompile>
    <ClCompile Include="Editor\Editor.cpp">
      <Filter>Source Files</Filter>
    </ClCompile>
    <ClCompile Include="Document\Commands\InsertParagraphCommand.cpp">
      <Filter>Source Files</Filter>
    </ClCompile>
    <ClCompile Include="Document\Commands\InsertImageCommand.cpp">
      <Filter>Source Files</Filter>
    </ClCompile>
    <ClCompile Include="Document\Commands\DeleteItemCommand.cpp">
      <Filter>Source Files</Filter>
    </ClCompile>
    <ClCompile Include="Document\Commands\SetTitleCommand.cpp">
      <Filter>Source Files</Filter>
    </ClCompile>
    <ClCompile Include="Document\DocumentItems\Elements\Image\Image.cpp">
      <Filter>Source Files</Filter>
    </ClCompile>
    <ClCompile Include="Document\DocumentItems\Elements\Paragraph\Paragraph.cpp">
      <Filter>Source Files</Filter>
    </ClCompile>
    <ClCompile Include="Document\Commands\ReplaceTextCommand.cpp">
      <Filter>Source Files</Filter>
    </ClCompile>
    <ClCompile Include="Document\Commands\ResizeImageCommand.cpp">
      <Filter>Source Files</Filter>
    </ClCompile>
  </ItemGroup>
</Project>