<?xml version="1.0" encoding="utf-8"?>
<Project ToolsVersion="4.0" xmlns="http://schemas.microsoft.com/developer/msbuild/2003">
  <ItemGroup>
    <Filter Include="Source Files">
      <UniqueIdentifier>{4FC737F1-C7A5-4376-A066-2A32D752A2FF}</UniqueIdentifier>
      <Extensions>cpp;c;cc;cxx;c++;cppm;ixx;def;odl;idl;hpj;bat;asm;asmx</Extensions>
    </Filter>
    <Filter Include="Header Files">
      <UniqueIdentifier>{93995380-89BD-4b04-88EB-625FBE52EBFB}</UniqueIdentifier>
      <Extensions>h;hh;hpp;hxx;h++;hm;inl;inc;ipp;xsd</Extensions>
    </Filter>
    <Filter Include="Resource Files">
      <UniqueIdentifier>{67DA6AB6-F800-4c08-8B7A-83BB121AAD01}</UniqueIdentifier>
      <Extensions>rc;ico;cur;bmp;dlg;rc2;rct;bin;rgs;gif;jpg;jpeg;jpe;resx;tiff;tif;png;wav;mfcribbon-ms</Extensions>
    </Filter>
  </ItemGroup>
  <ItemGroup>
    <ClInclude Include="pch.h">
      <Filter>Header Files</Filter>
    </ClInclude>
    <ClInclude Include="common\Color\Color.h">
      <Filter>Header Files</Filter>
    </ClInclude>
    <ClInclude Include="common\Frame\Frame.h">
      <Filter>Header Files</Filter>
    </ClInclude>
    <ClInclude Include="Model\Shape\IShape.h">
      <Filter>Header Files</Filter>
    </ClInclude>
    <ClInclude Include="Model\PictureDraft\PictureDraft.h">
      <Filter>Header Files</Filter>
    </ClInclude>
    <ClInclude Include="common\ShapeType\ShapeType.h">
      <Filter>Header Files</Filter>
    </ClInclude>
    <ClInclude Include="Model\Style\FillStyle\IFillStyle.h">
      <Filter>Header Files</Filter>
    </ClInclude>
    <ClInclude Include="Model\Style\FillStyle\FillStyle.h">
      <Filter>Header Files</Filter>
    </ClInclude>
    <ClInclude Include="Model\Style\LineStyle\ILineStyle.h">
      <Filter>Header Files</Filter>
    </ClInclude>
    <ClInclude Include="Model\Style\LineStyle\LineStyle.h">
      <Filter>Header Files</Filter>
    </ClInclude>
    <ClInclude Include="Model\Shape\Shape.h">
      <Filter>Header Files</Filter>
    </ClInclude>
    <ClInclude Include="App\ShapeAppModel\ShapeAppModel.h">
      <Filter>Header Files</Filter>
    </ClInclude>
    <ClInclude Include="App\PictureDraftAppModel\PictureDraftAppModel.h">
      <Filter>Header Files</Filter>
    </ClInclude>
    <ClInclude Include="App\ShapeSelectionModel\ShapeSelectionModel.h">
      <Filter>Header Files</Filter>
    </ClInclude>
    <ClInclude Include="App\History\History.h">
      <Filter>Header Files</Filter>
    </ClInclude>
    <ClInclude Include="App\History\IHistory.h">
      <Filter>Header Files</Filter>
    </ClInclude>
    <ClInclude Include="App\Command\ICommand.h">
      <Filter>Header Files</Filter>
    </ClInclude>
    <ClInclude Include="App\Command\AbstractCommand.h">
      <Filter>Header Files</Filter>
    </ClInclude>
    <ClInclude Include="App\UseCases\MoveShapeUseCase\MoveShapeUseCase.h">
      <Filter>Header Files</Filter>
    </ClInclude>
    <ClInclude Include="common\Point\Point.h">
      <Filter>Header Files</Filter>
    </ClInclude>
    <ClInclude Include="App\UseCases\Commands\ChangeFrameCommand\ChangeFrameCommand.h">
      <Filter>Header Files</Filter>
    </ClInclude>
    <ClInclude Include="App\UseCases\ResizeShapeUseCase\ResizeShapeUseCase.h">
      <Filter>Header Files</Filter>
    </ClInclude>
    <ClInclude Include="App\UseCases\ResizeShapeUseCase\BasePoint\BasePoint.h">
      <Filter>Header Files</Filter>
    </ClInclude>
    <ClInclude Include="App\UseCases\DeleteShapeUseCase\DeleteShapeUseCase.h">
      <Filter>Header Files</Filter>
    </ClInclude>
    <ClInclude Include="App\Command\MacroCommand\MacroCommand.h">
      <Filter>Header Files</Filter>
    </ClInclude>
    <ClInclude Include="App\UseCases\Commands\DeleteShapeCommand\DeleteShapeCommand.h">
      <Filter>Header Files</Filter>
    </ClInclude>
    <ClInclude Include="App\UseCases\InsertShapeUseCase\InsertShapeUseCase.h">
      <Filter>Header Files</Filter>
    </ClInclude>
    <ClInclude Include="App\UseCases\Commands\InsertShapeCommand\InsertShapeCommand.h">
      <Filter>Header Files</Filter>
    </ClInclude>
  </ItemGroup>
  <ItemGroup>
    <ClCompile Include="pch.cpp">
      <Filter>Source Files</Filter>
    </ClCompile>
    <ClCompile Include="Model\PictureDraft\PictureDraft.cpp">
      <Filter>Source Files</Filter>
    </ClCompile>
    <ClCompile Include="Model\Style\FillStyle\FillStyle.cpp">
      <Filter>Source Files</Filter>
    </ClCompile>
    <ClCompile Include="Model\Style\LineStyle\LineStyle.cpp">
      <Filter>Source Files</Filter>
    </ClCompile>
    <ClCompile Include="Model\Shape\Shape.cpp">
      <Filter>Source Files</Filter>
    </ClCompile>
    <ClCompile Include="App\ShapeAppModel\ShapeAppModel.cpp">
      <Filter>Source Files</Filter>
    </ClCompile>
    <ClCompile Include="App\PictureDraftAppModel\PictureDraftAppModel.cpp">
      <Filter>Source Files</Filter>
    </ClCompile>
    <ClCompile Include="App\ShapeSelectionModel\ShapeSelectionModel.cpp">
      <Filter>Source Files</Filter>
    </ClCompile>
    <ClCompile Include="App\History\History.cpp">
      <Filter>Source Files</Filter>
    </ClCompile>
    <ClCompile Include="App\Command\AbstractCommand.cpp">
      <Filter>Source Files</Filter>
    </ClCompile>
    <ClCompile Include="App\UseCases\MoveShapeUseCase\MoveShapeUseCase.cpp">
      <Filter>Source Files</Filter>
    </ClCompile>
    <ClCompile Include="App\UseCases\Commands\ChangeFrameCommand\ChangeFrameCommand.cpp">
      <Filter>Source Files</Filter>
    </ClCompile>
    <ClCompile Include="App\UseCases\ResizeShapeUseCase\ResizeShapeUseCase.cpp">
      <Filter>Source Files</Filter>
    </ClCompile>
    <ClCompile Include="App\UseCases\DeleteShapeUseCase\DeleteShapeUseCase.cpp">
      <Filter>Source Files</Filter>
    </ClCompile>
    <ClCompile Include="App\Command\MacroCommand\MacroCommand.cpp">
      <Filter>Source Files</Filter>
    </ClCompile>
    <ClCompile Include="App\UseCases\Commands\DeleteShapeCommand\DeleteShapeCommand.cpp">
      <Filter>Source Files</Filter>
    </ClCompile>
    <ClCompile Include="App\UseCases\InsertShapeUseCase\InsertShapeUseCase.cpp">
      <Filter>Source Files</Filter>
    </ClCompile>
    <ClCompile Include="App\UseCases\Commands\InsertShapeCommand\InsertShapeCommand.cpp">
      <Filter>Source Files</Filter>
    </ClCompile>
  </ItemGroup>
  <ItemGroup>
    <None Include="packages.config" />
  </ItemGroup>
</Project>