<?xml version="1.0" encoding="utf-8"?>
<Project ToolsVersion="4.0" xmlns="http://schemas.microsoft.com/developer/msbuild/2003">
  <ItemGroup>
    <Filter Include="Source Files">
      <UniqueIdentifier>{4FC737F1-C7A5-4376-A066-2A32D752A2FF}</UniqueIdentifier>
      <Extensions>cpp;c;cc;cxx;c++;cppm;ixx;def;odl;idl;hpj;bat;asm;asmx</Extensions>
    </Filter>
    <Filter Include="Header Files">
      <UniqueIdentifier>{93995380-89BD-4b04-88EB-625FBE52EBFB}</UniqueIdentifier>
      <Extensions>h;hh;hpp;hxx;h++;hm;inl;inc;ipp;xsd</Extensions>
    </Filter>
    <Filter Include="Resource Files">
      <UniqueIdentifier>{67DA6AB6-F800-4c08-8B7A-83BB121AAD01}</UniqueIdentifier>
      <Extensions>rc;ico;cur;bmp;dlg;rc2;rct;bin;rgs;gif;jpg;jpeg;jpe;resx;tiff;tif;png;wav;mfcribbon-ms</Extensions>
    </Filter>
  </ItemGroup>
  <ItemGroup>
    <ClInclude Include="pch.h">
      <Filter>Header Files</Filter>
    </ClInclude>
    <ClInclude Include="Shape\IShape.h">
      <Filter>Header Files</Filter>
    </ClInclude>
    <ClInclude Include="Frame\Frame.h">
      <Filter>Header Files</Filter>
    </ClInclude>
    <ClInclude Include="Color\Color.h">
      <Filter>Header Files</Filter>
    </ClInclude>
    <ClInclude Include="Style\LineStyle\ILineStyle.h">
      <Filter>Header Files</Filter>
    </ClInclude>
    <ClInclude Include="Style\LineStyle\SimpleLineStyle\SimpleLineStyle.h">
      <Filter>Header Files</Filter>
    </ClInclude>
    <ClInclude Include="Style\LineStyle\CompositeLineStyle\CompositeLineStyle.h">
      <Filter>Header Files</Filter>
    </ClInclude>
    <ClInclude Include="Style\LineStyle\Enumerator\ILineStyleEnumerator.h">
      <Filter>Header Files</Filter>
    </ClInclude>
    <ClInclude Include="Style\LineStyle\AbstractLineStyle.h">
      <Filter>Header Files</Filter>
    </ClInclude>
    <ClInclude Include="Style\FillStyle\IFillStyle.h">
      <Filter>Header Files</Filter>
    </ClInclude>
    <ClInclude Include="Style\FillStyle\AbstractFillStyle.h">
      <Filter>Header Files</Filter>
    </ClInclude>
    <ClInclude Include="Style\FillStyle\SimpleFillStyle\SimpleFillStyle.h">
      <Filter>Header Files</Filter>
    </ClInclude>
    <ClInclude Include="Style\FillStyle\Enumerator\IFillStyleEnumerator.h">
      <Filter>Header Files</Filter>
    </ClInclude>
    <ClInclude Include="Style\FillStyle\CompositeFillStyle\CompositeFillStyle.h">
      <Filter>Header Files</Filter>
    </ClInclude>
    <ClInclude Include="Canvas\ICanvas.h">
      <Filter>Header Files</Filter>
    </ClInclude>
    <ClInclude Include="Shape\SimpleShape\SimpleShape.h">
      <Filter>Header Files</Filter>
    </ClInclude>
    <ClInclude Include="Shape\SimpleShape\Triangle\Triangle.h">
      <Filter>Header Files</Filter>
    </ClInclude>
    <ClInclude Include="Shape\SimpleShape\Rectangle\Rectangle.h">
      <Filter>Header Files</Filter>
    </ClInclude>
    <ClInclude Include="Shape\SimpleShape\Ellipse\Ellipse.h">
      <Filter>Header Files</Filter>
    </ClInclude>
    <ClInclude Include="Shape\GroupShape\IGroupShape.h">
      <Filter>Header Files</Filter>
    </ClInclude>
    <ClInclude Include="Shape\GroupShape\GroupShape.h">
      <Filter>Header Files</Filter>
    </ClInclude>
    <ClInclude Include="Shape\IDrawable.h">
      <Filter>Header Files</Filter>
    </ClInclude>
    <ClInclude Include="Style\LineStyle\Enumerator\LineStyleEnumerator.hpp">
      <Filter>Header Files</Filter>
    </ClInclude>
    <ClInclude Include="Style\FillStyle\Enumerator\FillStyleEnumerator.hpp">
      <Filter>Header Files</Filter>
    </ClInclude>
    <ClInclude Include="Canvas\ConsoleCanvas.h">
      <Filter>Header Files</Filter>
    </ClInclude>
  </ItemGroup>
  <ItemGroup>
    <ClCompile Include="pch.cpp">
      <Filter>Source Files</Filter>
    </ClCompile>
    <ClCompile Include="Style\LineStyle\SimpleLineStyle\SimpleLineStyle.cpp">
      <Filter>Source Files</Filter>
    </ClCompile>
    <ClCompile Include="Style\LineStyle\CompositeLineStyle\CompositeLineStyle.cpp">
      <Filter>Source Files</Filter>
    </ClCompile>
    <ClCompile Include="Style\LineStyle\AbstractLineStyle.cpp">
      <Filter>Source Files</Filter>
    </ClCompile>
    <ClCompile Include="Style\FillStyle\AbstractFillStyle.cpp">
      <Filter>Source Files</Filter>
    </ClCompile>
    <ClCompile Include="Style\FillStyle\SimpleFillStyle\SimpleFillStyle.cpp">
      <Filter>Source Files</Filter>
    </ClCompile>
    <ClCompile Include="Style\FillStyle\CompositeFillStyle\CompositeFillStyle.cpp">
      <Filter>Source Files</Filter>
    </ClCompile>
    <ClCompile Include="Shape\SimpleShape\SimpleShape.cpp">
      <Filter>Source Files</Filter>
    </ClCompile>
    <ClCompile Include="Shape\SimpleShape\Triangle\Triangle.cpp">
      <Filter>Source Files</Filter>
    </ClCompile>
    <ClCompile Include="Shape\SimpleShape\Rectangle\Rectangle.cpp">
      <Filter>Source Files</Filter>
    </ClCompile>
    <ClCompile Include="Shape\SimpleShape\Ellipse\Ellipse.cpp">
      <Filter>Source Files</Filter>
    </ClCompile>
    <ClCompile Include="Shape\GroupShape\GroupShape.cpp">
      <Filter>Source Files</Filter>
    </ClCompile>
    <ClCompile Include="Canvas\ConsoleCanvas.cpp">
      <Filter>Source Files</Filter>
    </ClCompile>
  </ItemGroup>
</Project>