
Microsoft Visual Studio Solution File, Format Version 12.00
# Visual Studio Version 17
VisualStudioVersion = 17.3.32825.248
MinimumVisualStudioVersion = 10.0.40219.1
Project("{8BC9CEB8-8B4A-11D0-8D11-00A0C91BC942}") = "SimUDuckState", "SimUDuckState\SimUDuckState.vcxproj", "{2FC3DFE2-43D7-4A6E-9948-BAC1FD65F053}"
EndProject
Project("{8BC9CEB8-8B4A-11D0-8D11-00A0C91BC942}") = "SimUDuckDance", "SimUDuckDance\SimUDuckDance.vcxproj", "{041923E8-4C68-460F-8F65-1A19024E9A61}"
EndProject
Global
	GlobalSection(SolutionConfigurationPlatforms) = preSolution
		Debug|x64 = Debug|x64
		Debug|x86 = Debug|x86
		Release|x64 = Release|x64
		Release|x86 = Release|x86
	EndGlobalSection
	GlobalSection(ProjectConfigurationPlatforms) = postSolution
		{2FC3DFE2-43D7-4A6E-9948-BAC1FD65F053}.Debug|x64.ActiveCfg = Debug|x64
		{2FC3DFE2-43D7-4A6E-9948-BAC1FD65F053}.Debug|x64.Build.0 = Debug|x64
		{2FC3DFE2-43D7-4A6E-9948-BAC1FD65F053}.Debug|x86.ActiveCfg = Debug|Win32
		{2FC3DFE2-43D7-4A6E-9948-BAC1FD65F053}.Debug|x86.Build.0 = Debug|Win32
		{2FC3DFE2-43D7-4A6E-9948-BAC1FD65F053}.Release|x64.ActiveCfg = Release|x64
		{2FC3DFE2-43D7-4A6E-9948-BAC1FD65F053}.Release|x64.Build.0 = Release|x64
		{2FC3DFE2-43D7-4A6E-9948-BAC1FD65F053}.Release|x86.ActiveCfg = Release|Win32
		{2FC3DFE2-43D7-4A6E-9948-BAC1FD65F053}.Release|x86.Build.0 = Release|Win32
		{041923E8-4C68-460F-8F65-1A19024E9A61}.Debug|x64.ActiveCfg = Debug|x64
		{041923E8-4C68-460F-8F65-1A19024E9A61}.Debug|x64.Build.0 = Debug|x64
		{041923E8-4C68-460F-8F65-1A19024E9A61}.Debug|x86.ActiveCfg = Debug|Win32
		{041923E8-4C68-460F-8F65-1A19024E9A61}.Debug|x86.Build.0 = Debug|Win32
		{041923E8-4C68-460F-8F65-1A19024E9A61}.Release|x64.ActiveCfg = Release|x64
		{041923E8-4C68-460F-8F65-1A19024E9A61}.Release|x64.Build.0 = Release|x64
		{041923E8-4C68-460F-8F65-1A19024E9A61}.Release|x86.ActiveCfg = Release|Win32
		{041923E8-4C68-460F-8F65-1A19024E9A61}.Release|x86.Build.0 = Release|Win32
	EndGlobalSection
	GlobalSection(SolutionProperties) = preSolution
		HideSolutionNode = FALSE
	EndGlobalSection
	GlobalSection(ExtensibilityGlobals) = postSolution
		SolutionGuid = {EACA7381-025E-40A7-A8B3-9CF6553A921A}
	EndGlobalSection
EndGlobal
